
Microsoft Visual Studio Solution File, Format Version 12.00
# Visual Studio Version 17
VisualStudioVersion = 17.9.34622.214
MinimumVisualStudioVersion = 10.0.40219.1
Project("{FAE04EC0-301F-11D3-BF4B-00C04F79EFBC}") = "Task_entity", "Task_entity.csproj", "{F2500C5F-E783-4253-A535-90F560FC8B32}"
EndProject
Global
	GlobalSection(SolutionConfigurationPlatforms) = preSolution
		Debug|Any CPU = Debug|Any CPU
		Release|Any CPU = Release|Any CPU
	EndGlobalSection
	GlobalSection(ProjectConfigurationPlatforms) = postSolution
		{F2500C5F-E783-4253-A535-90F560FC8B32}.Debug|Any CPU.ActiveCfg = Debug|Any CPU
		{F2500C5F-E783-4253-A535-90F560FC8B32}.Debug|Any CPU.Build.0 = Debug|Any CPU
		{F2500C5F-E783-4253-A535-90F560FC8B32}.Release|Any CPU.ActiveCfg = Release|Any CPU
		{F2500C5F-E783-4253-A535-90F560FC8B32}.Release|Any CPU.Build.0 = Release|Any CPU
	EndGlobalSection
	GlobalSection(SolutionProperties) = preSolution
		HideSolutionNode = FALSE
	EndGlobalSection
	GlobalSection(ExtensibilityGlobals) = postSolution
		SolutionGuid = {AA960CB4-F120-4C1F-90B7-1DE7E87D9121}
	EndGlobalSection
EndGlobal
